
Microsoft Visual Studio Solution File, Format Version 12.00
Project("{FAE04EC0-301F-11D3-BF4B-00C04F79EFBC}") = "Provider", "Provider\Provider\Provider.csproj", "{B7468082-501D-4818-8987-A2FEC3E68E5E}"
EndProject
Project("{FAE04EC0-301F-11D3-BF4B-00C04F79EFBC}") = "Consumer", "Consumer\Consumer\Consumer.csproj", "{9D2B45C5-A49F-4686-AFB2-E20E2CE453C2}"
EndProject
Project("{FAE04EC0-301F-11D3-BF4B-00C04F79EFBC}") = "Consumer.Tests", "Consumer\Consumer.Tests\Consumer.Tests.csproj", "{471E1DBC-2A59-4808-B2F3-77D8EBC7EE49}"
EndProject
Project("{FAE04EC0-301F-11D3-BF4B-00C04F79EFBC}") = "Provider.Tests", "Provider\Provider.Tests\Provider.Tests.csproj", "{6BF219E7-1987-449D-9265-083E6631DA3D}"
EndProject
Global
	GlobalSection(SolutionConfigurationPlatforms) = preSolution
		Debug|Any CPU = Debug|Any CPU
		Release|Any CPU = Release|Any CPU
	EndGlobalSection
	GlobalSection(ProjectConfigurationPlatforms) = postSolution
		{B7468082-501D-4818-8987-A2FEC3E68E5E}.Debug|Any CPU.ActiveCfg = Debug|Any CPU
		{B7468082-501D-4818-8987-A2FEC3E68E5E}.Debug|Any CPU.Build.0 = Debug|Any CPU
		{B7468082-501D-4818-8987-A2FEC3E68E5E}.Release|Any CPU.ActiveCfg = Release|Any CPU
		{B7468082-501D-4818-8987-A2FEC3E68E5E}.Release|Any CPU.Build.0 = Release|Any CPU
		{9D2B45C5-A49F-4686-AFB2-E20E2CE453C2}.Debug|Any CPU.ActiveCfg = Debug|Any CPU
		{9D2B45C5-A49F-4686-AFB2-E20E2CE453C2}.Debug|Any CPU.Build.0 = Debug|Any CPU
		{9D2B45C5-A49F-4686-AFB2-E20E2CE453C2}.Release|Any CPU.ActiveCfg = Release|Any CPU
		{9D2B45C5-A49F-4686-AFB2-E20E2CE453C2}.Release|Any CPU.Build.0 = Release|Any CPU
		{471E1DBC-2A59-4808-B2F3-77D8EBC7EE49}.Debug|Any CPU.ActiveCfg = Debug|Any CPU
		{471E1DBC-2A59-4808-B2F3-77D8EBC7EE49}.Debug|Any CPU.Build.0 = Debug|Any CPU
		{471E1DBC-2A59-4808-B2F3-77D8EBC7EE49}.Release|Any CPU.ActiveCfg = Release|Any CPU
		{471E1DBC-2A59-4808-B2F3-77D8EBC7EE49}.Release|Any CPU.Build.0 = Release|Any CPU
		{6BF219E7-1987-449D-9265-083E6631DA3D}.Debug|Any CPU.ActiveCfg = Debug|Any CPU
		{6BF219E7-1987-449D-9265-083E6631DA3D}.Debug|Any CPU.Build.0 = Debug|Any CPU
		{6BF219E7-1987-449D-9265-083E6631DA3D}.Release|Any CPU.ActiveCfg = Release|Any CPU
		{6BF219E7-1987-449D-9265-083E6631DA3D}.Release|Any CPU.Build.0 = Release|Any CPU
	EndGlobalSection
EndGlobal
